
Microsoft Visual Studio Solution File, Format Version 12.00
# Visual Studio 15
VisualStudioVersion = 15.0.27703.2035
MinimumVisualStudioVersion = 10.0.40219.1
Project("{FAE04EC0-301F-11D3-BF4B-00C04F79EFBC}") = "OxProject", "OxProject\OxProject.csproj", "{A45D6A83-FB17-40EA-9650-EBD1BBA1F555}"
EndProject
Project("{FAE04EC0-301F-11D3-BF4B-00C04F79EFBC}") = "OxProject.Tests", "OxProject.Tests\OxProject.Tests.csproj", "{80834B58-BFBB-423C-AEE7-10FE8F685263}"
EndProject
Global
	GlobalSection(SolutionConfigurationPlatforms) = preSolution
		Debug|Any CPU = Debug|Any CPU
		Release|Any CPU = Release|Any CPU
	EndGlobalSection
	GlobalSection(ProjectConfigurationPlatforms) = postSolution
		{A45D6A83-FB17-40EA-9650-EBD1BBA1F555}.Debug|Any CPU.ActiveCfg = Debug|Any CPU
		{A45D6A83-FB17-40EA-9650-EBD1BBA1F555}.Debug|Any CPU.Build.0 = Debug|Any CPU
		{A45D6A83-FB17-40EA-9650-EBD1BBA1F555}.Release|Any CPU.ActiveCfg = Release|Any CPU
		{A45D6A83-FB17-40EA-9650-EBD1BBA1F555}.Release|Any CPU.Build.0 = Release|Any CPU
		{80834B58-BFBB-423C-AEE7-10FE8F685263}.Debug|Any CPU.ActiveCfg = Debug|Any CPU
		{80834B58-BFBB-423C-AEE7-10FE8F685263}.Debug|Any CPU.Build.0 = Debug|Any CPU
		{80834B58-BFBB-423C-AEE7-10FE8F685263}.Release|Any CPU.ActiveCfg = Release|Any CPU
		{80834B58-BFBB-423C-AEE7-10FE8F685263}.Release|Any CPU.Build.0 = Release|Any CPU
	EndGlobalSection
	GlobalSection(SolutionProperties) = preSolution
		HideSolutionNode = FALSE
	EndGlobalSection
	GlobalSection(ExtensibilityGlobals) = postSolution
		SolutionGuid = {269A4F5E-A775-4BDE-8C8F-0DB2C4821EA2}
	EndGlobalSection
EndGlobal
